
Microsoft Visual Studio Solution File, Format Version 12.00
# Visual Studio Version 17
VisualStudioVersion = 17.13.35919.96
MinimumVisualStudioVersion = 10.0.40219.1
Project("{FAE04EC0-301F-11D3-BF4B-00C04F79EFBC}") = "Project_RabbitMq_Desktop", "Project_RabbitMq_Desktop\Project_RabbitMq_Desktop.csproj", "{1AD34E0B-7D23-4277-872B-C033B6B4ACFF}"
EndProject
Project("{FAE04EC0-301F-11D3-BF4B-00C04F79EFBC}") = "Production_Data_Consumer", "Production_Data_Consumer\Production_Data_Consumer.csproj", "{045E9D67-72A5-4190-9AC3-AEE513765D86}"
EndProject
Global
	GlobalSection(SolutionConfigurationPlatforms) = preSolution
		Debug|Any CPU = Debug|Any CPU
		Release|Any CPU = Release|Any CPU
	EndGlobalSection
	GlobalSection(ProjectConfigurationPlatforms) = postSolution
		{1AD34E0B-7D23-4277-872B-C033B6B4ACFF}.Debug|Any CPU.ActiveCfg = Debug|Any CPU
		{1AD34E0B-7D23-4277-872B-C033B6B4ACFF}.Debug|Any CPU.Build.0 = Debug|Any CPU
		{1AD34E0B-7D23-4277-872B-C033B6B4ACFF}.Release|Any CPU.ActiveCfg = Release|Any CPU
		{1AD34E0B-7D23-4277-872B-C033B6B4ACFF}.Release|Any CPU.Build.0 = Release|Any CPU
		{045E9D67-72A5-4190-9AC3-AEE513765D86}.Debug|Any CPU.ActiveCfg = Debug|Any CPU
		{045E9D67-72A5-4190-9AC3-AEE513765D86}.Debug|Any CPU.Build.0 = Debug|Any CPU
		{045E9D67-72A5-4190-9AC3-AEE513765D86}.Release|Any CPU.ActiveCfg = Release|Any CPU
		{045E9D67-72A5-4190-9AC3-AEE513765D86}.Release|Any CPU.Build.0 = Release|Any CPU
	EndGlobalSection
	GlobalSection(SolutionProperties) = preSolution
		HideSolutionNode = FALSE
	EndGlobalSection
	GlobalSection(ExtensibilityGlobals) = postSolution
		SolutionGuid = {84113E11-1381-4EAE-9B51-303367E54C39}
	EndGlobalSection
EndGlobal
