
Microsoft Visual Studio Solution File, Format Version 12.00
# Visual Studio Version 17
VisualStudioVersion = 17.14.36119.2 d17.14
MinimumVisualStudioVersion = 10.0.40219.1
Project("{FAE04EC0-301F-11D3-BF4B-00C04F79EFBC}") = "WS_SOAP_Desktop_API", "WS_SOAP_Desktop_API\WS_SOAP_Desktop_API.csproj", "{B5E54FD2-85D8-4A5A-86C5-799949E09518}"
EndProject
Global
	GlobalSection(SolutionConfigurationPlatforms) = preSolution
		Debug|Any CPU = Debug|Any CPU
		Release|Any CPU = Release|Any CPU
	EndGlobalSection
	GlobalSection(ProjectConfigurationPlatforms) = postSolution
		{B5E54FD2-85D8-4A5A-86C5-799949E09518}.Debug|Any CPU.ActiveCfg = Debug|Any CPU
		{B5E54FD2-85D8-4A5A-86C5-799949E09518}.Debug|Any CPU.Build.0 = Debug|Any CPU
		{B5E54FD2-85D8-4A5A-86C5-799949E09518}.Release|Any CPU.ActiveCfg = Release|Any CPU
		{B5E54FD2-85D8-4A5A-86C5-799949E09518}.Release|Any CPU.Build.0 = Release|Any CPU
	EndGlobalSection
	GlobalSection(SolutionProperties) = preSolution
		HideSolutionNode = FALSE
	EndGlobalSection
	GlobalSection(ExtensibilityGlobals) = postSolution
		SolutionGuid = {6F40FEDC-7AC8-4BCA-B771-B7E743CE1E58}
	EndGlobalSection
EndGlobal
